
Microsoft Visual Studio Solution File, Format Version 12.00
# Visual Studio Version 16
VisualStudioVersion = 16.0.29728.190
MinimumVisualStudioVersion = 10.0.40219.1
Project("{2150E333-8FDC-42A3-9474-1A3956D46DE8}") = "Core", "Core", "{9D064A4C-5576-44F3-B57C-AC4F69EDDF93}"
EndProject
Project("{2150E333-8FDC-42A3-9474-1A3956D46DE8}") = "Test", "Test", "{209B2CC9-6A27-46B4-A537-EA3C83A6DFED}"
EndProject
Project("{9A19103F-16F7-4668-BE54-9A1E7A4F7556}") = "Arinna.Data", "src\Arinna.Data\Arinna.Data.csproj", "{0CFCF34A-9A47-4E94-A8A1-8009F7AC649E}"
EndProject
Project("{2150E333-8FDC-42A3-9474-1A3956D46DE8}") = "Northwind", "Northwind", "{7F10646D-2C43-4395-A1B1-818EE9A726E9}"
	ProjectSection(SolutionItems) = preProject
		nortwind\Northwind Info.txt = nortwind\Northwind Info.txt
	EndProjectSection
EndProject
Project("{2150E333-8FDC-42A3-9474-1A3956D46DE8}") = "ProductService", "ProductService", "{BD36D36C-4B8E-432B-B239-782DCB52AAD4}"
EndProject
Project("{9A19103F-16F7-4668-BE54-9A1E7A4F7556}") = "Arinna.Northwind.ProductService.Data", "nortwind\Arinna.Northwind.ProductService.Data\Arinna.Northwind.ProductService.Data.csproj", "{A54154EA-E154-4DEB-8486-15587AE773C0}"
EndProject
Project("{9A19103F-16F7-4668-BE54-9A1E7A4F7556}") = "Arinna.Northwind.ProductService.Data.Entity", "nortwind\Arinna.Northwind.ProductService.Data.Entity\Arinna.Northwind.ProductService.Data.Entity.csproj", "{BC549E17-7319-4F0E-BDFC-DF5EA4A1452A}"
EndProject
Project("{9A19103F-16F7-4668-BE54-9A1E7A4F7556}") = "Arinna.Northwind.ProductService.WebApi", "nortwind\Arinna.Northwind.ProductService.WebApi\Arinna.Northwind.ProductService.WebApi.csproj", "{F844BF41-6D22-41C8-94E7-077804F27767}"
EndProject
Project("{2150E333-8FDC-42A3-9474-1A3956D46DE8}") = "OrderService", "OrderService", "{89EA5EE8-D2E2-46FD-A37E-C117ED0083F8}"
EndProject
Project("{2150E333-8FDC-42A3-9474-1A3956D46DE8}") = "CustomerService", "CustomerService", "{55922A80-57F5-4050-82B4-9CEECD7F0D3B}"
EndProject
Project("{2150E333-8FDC-42A3-9474-1A3956D46DE8}") = "EmployeeService", "EmployeeService", "{6232BC65-0340-41F1-9E92-3F01ACE1027E}"
EndProject
Project("{9A19103F-16F7-4668-BE54-9A1E7A4F7556}") = "Arinna.Data.EntityFramework", "src\Arinna.Data.EntityFramework\Arinna.Data.EntityFramework.csproj", "{A55FE784-0303-4DFC-8B5F-BDDD59EE866F}"
EndProject
Project("{9A19103F-16F7-4668-BE54-9A1E7A4F7556}") = "Arinna", "src\Arinna\Arinna.csproj", "{F418D9F7-D4FE-475A-8996-7978F746D30E}"
EndProject
Project("{9A19103F-16F7-4668-BE54-9A1E7A4F7556}") = "Arinna.Data.Dapper", "src\Arinna.Data.Dapper\Arinna.Data.Dapper.csproj", "{045CC8FB-D0A8-47A2-98EA-A45827BB2A70}"
EndProject
Project("{9A19103F-16F7-4668-BE54-9A1E7A4F7556}") = "Arinna.DependencyInjection", "src\Arinna.DependencyInjection\Arinna.DependencyInjection.csproj", "{B68BFBB3-9541-4084-8605-2F86430B62A9}"
EndProject
Project("{9A19103F-16F7-4668-BE54-9A1E7A4F7556}") = "Arinna.DependencyInjection.Microsoft", "src\Arinna.DependencyInjection.Microsoft\Arinna.DependencyInjection.Microsoft.csproj", "{39B9F889-5426-4F1D-8A3A-0B38B0B82536}"
EndProject
Project("{9A19103F-16F7-4668-BE54-9A1E7A4F7556}") = "Arinna.DependencyInjection.Autofac", "src\Arinna.DependencyInjection.Autofac\Arinna.DependencyInjection.Autofac.csproj", "{4C42F0C3-2BD0-48A0-B550-D87C88308CB8}"
EndProject
Project("{9A19103F-16F7-4668-BE54-9A1E7A4F7556}") = "Arinna.Data.NHibernate", "src\Arinna.Data.NHibernate\Arinna.Data.NHibernate.csproj", "{21D63553-9FBD-4441-BF1A-3371D5CDF440}"
EndProject
Project("{9A19103F-16F7-4668-BE54-9A1E7A4F7556}") = "Arinna.Northwind.OrderService.Application", "nortwind\Arinna.Northwind.OrderService.Application\Arinna.Northwind.OrderService.Application.csproj", "{42A2751C-034F-47CB-B2FC-6B222B3200B4}"
EndProject
Project("{9A19103F-16F7-4668-BE54-9A1E7A4F7556}") = "Arinna.Northwind.OrderService.Domain", "nortwind\Arinna.Northwind.OrderService.Domain\Arinna.Northwind.OrderService.Domain.csproj", "{59B6B56B-F59F-44C5-ABDB-0EA9D45C5AB8}"
EndProject
Project("{9A19103F-16F7-4668-BE54-9A1E7A4F7556}") = "Arinna.Northwind.OrderService.Infrastructure", "nortwind\Arinna.Northwind.OrderService.Infrastructure\Arinna.Northwind.OrderService.Infrastructure.csproj", "{546E96AB-EE51-46C7-8E7E-AAE89D9DFD74}"
EndProject
Project("{9A19103F-16F7-4668-BE54-9A1E7A4F7556}") = "Arinna.Northwind.OrderService.WebApi", "nortwind\Arinna.Northwind.OrderService.WebApi\Arinna.Northwind.OrderService.WebApi.csproj", "{0136B944-FF2C-43FD-8860-CE58749A654F}"
EndProject
Project("{9A19103F-16F7-4668-BE54-9A1E7A4F7556}") = "Arinna.Data.Dapper.Test", "tests\Arinna.Data.Dapper.Test\Arinna.Data.Dapper.Test.csproj", "{E730D33E-2538-420D-9D2D-0B74263B795E}"
EndProject
Project("{9A19103F-16F7-4668-BE54-9A1E7A4F7556}") = "Arinna.Data.EntityFramework.Test", "tests\Arinna.Data.EntityFramework.Test\Arinna.Data.EntityFramework.Test.csproj", "{CF27BD62-924C-491D-AA74-FD59906B418C}"
EndProject
Project("{9A19103F-16F7-4668-BE54-9A1E7A4F7556}") = "Arinna.Data.NHibernate.Test", "tests\Arinna.Data.NHibernate.Test\Arinna.Data.NHibernate.Test.csproj", "{A29CBFB1-2030-468D-BFE2-254BE465E514}"
EndProject
Project("{9A19103F-16F7-4668-BE54-9A1E7A4F7556}") = "Arinna.DependencyInjection.Autofac.Test", "tests\Arinna.DependencyInjection.Autofac.Test\Arinna.DependencyInjection.Autofac.Test.csproj", "{10151CD5-5CD1-4609-BFF8-6A9EC1B8AA9E}"
EndProject
Project("{9A19103F-16F7-4668-BE54-9A1E7A4F7556}") = "Arinna.DependencyInjection.Microsoft.Test", "tests\Arinna.DependencyInjection.Microsoft.Test\Arinna.DependencyInjection.Microsoft.Test.csproj", "{24DA9FB4-8BE0-4D74-A2E0-3DE7F897D72F}"
EndProject
Project("{9A19103F-16F7-4668-BE54-9A1E7A4F7556}") = "Arinna.DependencyInjection.Ninject.Test", "tests\Arinna.DependencyInjection.Ninject.Test\Arinna.DependencyInjection.Ninject.Test.csproj", "{389EFE4E-9C36-445E-9DFF-20C852AB4C18}"
EndProject
Project("{9A19103F-16F7-4668-BE54-9A1E7A4F7556}") = "Arinna.Northwind.EmployeeService.Business", "nortwind\Arinna.Northwind.EmployeeService.Business\Arinna.Northwind.EmployeeService.Business.csproj", "{5936BFA5-3BD7-43E5-AAD7-2A749F09FC31}"
EndProject
Project("{9A19103F-16F7-4668-BE54-9A1E7A4F7556}") = "Arinna.Northwind.EmployeeService.Data", "nortwind\Arinna.Northwind.EmployeeService.Data\Arinna.Northwind.EmployeeService.Data.csproj", "{507EF423-6A96-4620-A938-1BA4B311DE7B}"
EndProject
Project("{9A19103F-16F7-4668-BE54-9A1E7A4F7556}") = "Arinna.Northwind.EmployeeService.WebApi", "nortwind\Arinna.Northwind.EmployeeService.WebApi\Arinna.Northwind.EmployeeService.WebApi.csproj", "{E6831488-2DEF-4F01-BA9F-5D329861E568}"
EndProject
Project("{9A19103F-16F7-4668-BE54-9A1E7A4F7556}") = "Arinna.Northwind.ProductService.Business", "nortwind\Arinna.Northwind.ProductService.Business\Arinna.Northwind.ProductService.Business.csproj", "{85A87528-FC63-4B20-9082-ED59E7F346DB}"
EndProject
Project("{9A19103F-16F7-4668-BE54-9A1E7A4F7556}") = "Arinna.Northwind.ProductService.Business.Contract", "nortwind\Arinna.Northwind.ProductService.Business.Contract\Arinna.Northwind.ProductService.Business.Contract.csproj", "{CAAD3E01-A640-430A-980A-C39195A16DD4}"
EndProject
Project("{9A19103F-16F7-4668-BE54-9A1E7A4F7556}") = "Arinna.Northwind.ProductService.Business.Entity", "nortwind\Arinna.Northwind.ProductService.Business.Entity\Arinna.Northwind.ProductService.Business.Entity.csproj", "{A4A06FC9-1A2D-4D2B-BA61-20A5AD0D6A21}"
EndProject
Project("{9A19103F-16F7-4668-BE54-9A1E7A4F7556}") = "Arinna.Northwind.CustomerService.Application", "nortwind\Arinna.Northwind.CustomerService.Application\Arinna.Northwind.CustomerService.Application.csproj", "{CF11C0E4-BC84-495B-B754-9C2F412BA262}"
EndProject
Project("{9A19103F-16F7-4668-BE54-9A1E7A4F7556}") = "Arinna.Northwind.CustomerService.Domain", "nortwind\Arinna.Northwind.CustomerService.Domain\Arinna.Northwind.CustomerService.Domain.csproj", "{41D69168-B9A7-421B-A5A5-7F3BE225AA65}"
EndProject
Project("{9A19103F-16F7-4668-BE54-9A1E7A4F7556}") = "Arinna.Northwind.CustomerService.Infrastructure", "nortwind\Arinna.Northwind.CustomerService.Infrastructure\Arinna.Northwind.CustomerService.Infrastructure.csproj", "{15663AF2-EB6B-4B31-8A94-9046D381C7D3}"
EndProject
Project("{9A19103F-16F7-4668-BE54-9A1E7A4F7556}") = "Arinna.Northwind.CustomerService.WebApi", "nortwind\Arinna.Northwind.CustomerService.WebApi\Arinna.Northwind.CustomerService.WebApi.csproj", "{08E1FD81-2DA9-4916-B723-3088D85A41DF}"
EndProject
Project("{9A19103F-16F7-4668-BE54-9A1E7A4F7556}") = "Arinna.EventBus", "src\Arinna.EventBus\Arinna.EventBus.csproj", "{9D0FD71F-0557-4AC6-A6FB-976B07FA6F71}"
EndProject
Project("{9A19103F-16F7-4668-BE54-9A1E7A4F7556}") = "Arinna.EventBus.RabbitMQ", "src\Arinna.EventBus.RabbitMQ\Arinna.EventBus.RabbitMQ.csproj", "{FBE4F04C-6EDC-4A28-A088-93B6DDC59AD2}"
EndProject
Project("{9A19103F-16F7-4668-BE54-9A1E7A4F7556}") = "Arinna.EventBus.ApacheKafka", "src\Arinna.EventBus.ApacheKafka\Arinna.EventBus.ApacheKafka.csproj", "{36F623B2-26BD-49B4-AC9D-993EBDC9FF2F}"
EndProject
Project("{9A19103F-16F7-4668-BE54-9A1E7A4F7556}") = "Arinna.EventBus.ApacheKafka.Test", "tests\Arinna.EventBus.ApacheKafka.Test\Arinna.EventBus.ApacheKafka.Test.csproj", "{BFB357BE-0C96-4B48-901C-191CEC95771B}"
EndProject
Project("{9A19103F-16F7-4668-BE54-9A1E7A4F7556}") = "Arinna.EventBus.RabbitMQ.Test", "tests\Arinna.EventBus.RabbitMQ.Test\Arinna.EventBus.RabbitMQ.Test.csproj", "{B163A995-472F-48A1-919D-EF90E8FFD14B}"
EndProject
Project("{9A19103F-16F7-4668-BE54-9A1E7A4F7556}") = "Arinna.DDD.Domain", "src\Arinna.DDD.Domain\Arinna.DDD.Domain.csproj", "{C4F21E1A-AA7D-4D3E-8F92-9484EAB1341B}"
EndProject
Project("{FAE04EC0-301F-11D3-BF4B-00C04F79EFBC}") = "Arinna.Northwind.CustomerService.Application.Contract", "nortwind\Arinna.Northwind.CustomerService.Application.Contract\Arinna.Northwind.CustomerService.Application.Contract.csproj", "{0BE52502-745C-444A-A243-E4C7D319036B}"
EndProject
Project("{FAE04EC0-301F-11D3-BF4B-00C04F79EFBC}") = "Arinna.DDD.Application", "src\Arinna.DDD.Application\Arinna.DDD.Application.csproj", "{FBECF053-F618-456C-904F-C4B0695E20C7}"
EndProject
Project("{FAE04EC0-301F-11D3-BF4B-00C04F79EFBC}") = "Arinna.Service", "src\Arinna.Service\Arinna.Service.csproj", "{15BADBB1-7192-48BC-A04B-DFAF64EA3977}"
EndProject
Global
	GlobalSection(SolutionConfigurationPlatforms) = preSolution
		Debug|Any CPU = Debug|Any CPU
		Release|Any CPU = Release|Any CPU
	EndGlobalSection
	GlobalSection(ProjectConfigurationPlatforms) = postSolution
		{0CFCF34A-9A47-4E94-A8A1-8009F7AC649E}.Debug|Any CPU.ActiveCfg = Debug|Any CPU
		{0CFCF34A-9A47-4E94-A8A1-8009F7AC649E}.Debug|Any CPU.Build.0 = Debug|Any CPU
		{0CFCF34A-9A47-4E94-A8A1-8009F7AC649E}.Release|Any CPU.ActiveCfg = Release|Any CPU
		{0CFCF34A-9A47-4E94-A8A1-8009F7AC649E}.Release|Any CPU.Build.0 = Release|Any CPU
		{A54154EA-E154-4DEB-8486-15587AE773C0}.Debug|Any CPU.ActiveCfg = Debug|Any CPU
		{A54154EA-E154-4DEB-8486-15587AE773C0}.Debug|Any CPU.Build.0 = Debug|Any CPU
		{A54154EA-E154-4DEB-8486-15587AE773C0}.Release|Any CPU.ActiveCfg = Release|Any CPU
		{A54154EA-E154-4DEB-8486-15587AE773C0}.Release|Any CPU.Build.0 = Release|Any CPU
		{BC549E17-7319-4F0E-BDFC-DF5EA4A1452A}.Debug|Any CPU.ActiveCfg = Debug|Any CPU
		{BC549E17-7319-4F0E-BDFC-DF5EA4A1452A}.Debug|Any CPU.Build.0 = Debug|Any CPU
		{BC549E17-7319-4F0E-BDFC-DF5EA4A1452A}.Release|Any CPU.ActiveCfg = Release|Any CPU
		{BC549E17-7319-4F0E-BDFC-DF5EA4A1452A}.Release|Any CPU.Build.0 = Release|Any CPU
		{F844BF41-6D22-41C8-94E7-077804F27767}.Debug|Any CPU.ActiveCfg = Debug|Any CPU
		{F844BF41-6D22-41C8-94E7-077804F27767}.Debug|Any CPU.Build.0 = Debug|Any CPU
		{F844BF41-6D22-41C8-94E7-077804F27767}.Release|Any CPU.ActiveCfg = Release|Any CPU
		{F844BF41-6D22-41C8-94E7-077804F27767}.Release|Any CPU.Build.0 = Release|Any CPU
		{A55FE784-0303-4DFC-8B5F-BDDD59EE866F}.Debug|Any CPU.ActiveCfg = Debug|Any CPU
		{A55FE784-0303-4DFC-8B5F-BDDD59EE866F}.Debug|Any CPU.Build.0 = Debug|Any CPU
		{A55FE784-0303-4DFC-8B5F-BDDD59EE866F}.Release|Any CPU.ActiveCfg = Release|Any CPU
		{A55FE784-0303-4DFC-8B5F-BDDD59EE866F}.Release|Any CPU.Build.0 = Release|Any CPU
		{F418D9F7-D4FE-475A-8996-7978F746D30E}.Debug|Any CPU.ActiveCfg = Debug|Any CPU
		{F418D9F7-D4FE-475A-8996-7978F746D30E}.Debug|Any CPU.Build.0 = Debug|Any CPU
		{F418D9F7-D4FE-475A-8996-7978F746D30E}.Release|Any CPU.ActiveCfg = Release|Any CPU
		{F418D9F7-D4FE-475A-8996-7978F746D30E}.Release|Any CPU.Build.0 = Release|Any CPU
		{045CC8FB-D0A8-47A2-98EA-A45827BB2A70}.Debug|Any CPU.ActiveCfg = Debug|Any CPU
		{045CC8FB-D0A8-47A2-98EA-A45827BB2A70}.Debug|Any CPU.Build.0 = Debug|Any CPU
		{045CC8FB-D0A8-47A2-98EA-A45827BB2A70}.Release|Any CPU.ActiveCfg = Release|Any CPU
		{045CC8FB-D0A8-47A2-98EA-A45827BB2A70}.Release|Any CPU.Build.0 = Release|Any CPU
		{B68BFBB3-9541-4084-8605-2F86430B62A9}.Debug|Any CPU.ActiveCfg = Debug|Any CPU
		{B68BFBB3-9541-4084-8605-2F86430B62A9}.Debug|Any CPU.Build.0 = Debug|Any CPU
		{B68BFBB3-9541-4084-8605-2F86430B62A9}.Release|Any CPU.ActiveCfg = Release|Any CPU
		{B68BFBB3-9541-4084-8605-2F86430B62A9}.Release|Any CPU.Build.0 = Release|Any CPU
		{39B9F889-5426-4F1D-8A3A-0B38B0B82536}.Debug|Any CPU.ActiveCfg = Debug|Any CPU
		{39B9F889-5426-4F1D-8A3A-0B38B0B82536}.Debug|Any CPU.Build.0 = Debug|Any CPU
		{39B9F889-5426-4F1D-8A3A-0B38B0B82536}.Release|Any CPU.ActiveCfg = Release|Any CPU
		{39B9F889-5426-4F1D-8A3A-0B38B0B82536}.Release|Any CPU.Build.0 = Release|Any CPU
		{4C42F0C3-2BD0-48A0-B550-D87C88308CB8}.Debug|Any CPU.ActiveCfg = Debug|Any CPU
		{4C42F0C3-2BD0-48A0-B550-D87C88308CB8}.Debug|Any CPU.Build.0 = Debug|Any CPU
		{4C42F0C3-2BD0-48A0-B550-D87C88308CB8}.Release|Any CPU.ActiveCfg = Release|Any CPU
		{4C42F0C3-2BD0-48A0-B550-D87C88308CB8}.Release|Any CPU.Build.0 = Release|Any CPU
		{21D63553-9FBD-4441-BF1A-3371D5CDF440}.Debug|Any CPU.ActiveCfg = Debug|Any CPU
		{21D63553-9FBD-4441-BF1A-3371D5CDF440}.Debug|Any CPU.Build.0 = Debug|Any CPU
		{21D63553-9FBD-4441-BF1A-3371D5CDF440}.Release|Any CPU.ActiveCfg = Release|Any CPU
		{21D63553-9FBD-4441-BF1A-3371D5CDF440}.Release|Any CPU.Build.0 = Release|Any CPU
		{42A2751C-034F-47CB-B2FC-6B222B3200B4}.Debug|Any CPU.ActiveCfg = Debug|Any CPU
		{42A2751C-034F-47CB-B2FC-6B222B3200B4}.Debug|Any CPU.Build.0 = Debug|Any CPU
		{42A2751C-034F-47CB-B2FC-6B222B3200B4}.Release|Any CPU.ActiveCfg = Release|Any CPU
		{42A2751C-034F-47CB-B2FC-6B222B3200B4}.Release|Any CPU.Build.0 = Release|Any CPU
		{59B6B56B-F59F-44C5-ABDB-0EA9D45C5AB8}.Debug|Any CPU.ActiveCfg = Debug|Any CPU
		{59B6B56B-F59F-44C5-ABDB-0EA9D45C5AB8}.Debug|Any CPU.Build.0 = Debug|Any CPU
		{59B6B56B-F59F-44C5-ABDB-0EA9D45C5AB8}.Release|Any CPU.ActiveCfg = Release|Any CPU
		{59B6B56B-F59F-44C5-ABDB-0EA9D45C5AB8}.Release|Any CPU.Build.0 = Release|Any CPU
		{546E96AB-EE51-46C7-8E7E-AAE89D9DFD74}.Debug|Any CPU.ActiveCfg = Debug|Any CPU
		{546E96AB-EE51-46C7-8E7E-AAE89D9DFD74}.Debug|Any CPU.Build.0 = Debug|Any CPU
		{546E96AB-EE51-46C7-8E7E-AAE89D9DFD74}.Release|Any CPU.ActiveCfg = Release|Any CPU
		{546E96AB-EE51-46C7-8E7E-AAE89D9DFD74}.Release|Any CPU.Build.0 = Release|Any CPU
		{0136B944-FF2C-43FD-8860-CE58749A654F}.Debug|Any CPU.ActiveCfg = Debug|Any CPU
		{0136B944-FF2C-43FD-8860-CE58749A654F}.Debug|Any CPU.Build.0 = Debug|Any CPU
		{0136B944-FF2C-43FD-8860-CE58749A654F}.Release|Any CPU.ActiveCfg = Release|Any CPU
		{0136B944-FF2C-43FD-8860-CE58749A654F}.Release|Any CPU.Build.0 = Release|Any CPU
		{E730D33E-2538-420D-9D2D-0B74263B795E}.Debug|Any CPU.ActiveCfg = Debug|Any CPU
		{E730D33E-2538-420D-9D2D-0B74263B795E}.Debug|Any CPU.Build.0 = Debug|Any CPU
		{E730D33E-2538-420D-9D2D-0B74263B795E}.Release|Any CPU.ActiveCfg = Release|Any CPU
		{E730D33E-2538-420D-9D2D-0B74263B795E}.Release|Any CPU.Build.0 = Release|Any CPU
		{CF27BD62-924C-491D-AA74-FD59906B418C}.Debug|Any CPU.ActiveCfg = Debug|Any CPU
		{CF27BD62-924C-491D-AA74-FD59906B418C}.Debug|Any CPU.Build.0 = Debug|Any CPU
		{CF27BD62-924C-491D-AA74-FD59906B418C}.Release|Any CPU.ActiveCfg = Release|Any CPU
		{CF27BD62-924C-491D-AA74-FD59906B418C}.Release|Any CPU.Build.0 = Release|Any CPU
		{A29CBFB1-2030-468D-BFE2-254BE465E514}.Debug|Any CPU.ActiveCfg = Debug|Any CPU
		{A29CBFB1-2030-468D-BFE2-254BE465E514}.Debug|Any CPU.Build.0 = Debug|Any CPU
		{A29CBFB1-2030-468D-BFE2-254BE465E514}.Release|Any CPU.ActiveCfg = Release|Any CPU
		{A29CBFB1-2030-468D-BFE2-254BE465E514}.Release|Any CPU.Build.0 = Release|Any CPU
		{10151CD5-5CD1-4609-BFF8-6A9EC1B8AA9E}.Debug|Any CPU.ActiveCfg = Debug|Any CPU
		{10151CD5-5CD1-4609-BFF8-6A9EC1B8AA9E}.Debug|Any CPU.Build.0 = Debug|Any CPU
		{10151CD5-5CD1-4609-BFF8-6A9EC1B8AA9E}.Release|Any CPU.ActiveCfg = Release|Any CPU
		{10151CD5-5CD1-4609-BFF8-6A9EC1B8AA9E}.Release|Any CPU.Build.0 = Release|Any CPU
		{24DA9FB4-8BE0-4D74-A2E0-3DE7F897D72F}.Debug|Any CPU.ActiveCfg = Debug|Any CPU
		{24DA9FB4-8BE0-4D74-A2E0-3DE7F897D72F}.Debug|Any CPU.Build.0 = Debug|Any CPU
		{24DA9FB4-8BE0-4D74-A2E0-3DE7F897D72F}.Release|Any CPU.ActiveCfg = Release|Any CPU
		{24DA9FB4-8BE0-4D74-A2E0-3DE7F897D72F}.Release|Any CPU.Build.0 = Release|Any CPU
		{389EFE4E-9C36-445E-9DFF-20C852AB4C18}.Debug|Any CPU.ActiveCfg = Debug|Any CPU
		{389EFE4E-9C36-445E-9DFF-20C852AB4C18}.Debug|Any CPU.Build.0 = Debug|Any CPU
		{389EFE4E-9C36-445E-9DFF-20C852AB4C18}.Release|Any CPU.ActiveCfg = Release|Any CPU
		{389EFE4E-9C36-445E-9DFF-20C852AB4C18}.Release|Any CPU.Build.0 = Release|Any CPU
		{5936BFA5-3BD7-43E5-AAD7-2A749F09FC31}.Debug|Any CPU.ActiveCfg = Debug|Any CPU
		{5936BFA5-3BD7-43E5-AAD7-2A749F09FC31}.Debug|Any CPU.Build.0 = Debug|Any CPU
		{5936BFA5-3BD7-43E5-AAD7-2A749F09FC31}.Release|Any CPU.ActiveCfg = Release|Any CPU
		{5936BFA5-3BD7-43E5-AAD7-2A749F09FC31}.Release|Any CPU.Build.0 = Release|Any CPU
		{507EF423-6A96-4620-A938-1BA4B311DE7B}.Debug|Any CPU.ActiveCfg = Debug|Any CPU
		{507EF423-6A96-4620-A938-1BA4B311DE7B}.Debug|Any CPU.Build.0 = Debug|Any CPU
		{507EF423-6A96-4620-A938-1BA4B311DE7B}.Release|Any CPU.ActiveCfg = Release|Any CPU
		{507EF423-6A96-4620-A938-1BA4B311DE7B}.Release|Any CPU.Build.0 = Release|Any CPU
		{E6831488-2DEF-4F01-BA9F-5D329861E568}.Debug|Any CPU.ActiveCfg = Debug|Any CPU
		{E6831488-2DEF-4F01-BA9F-5D329861E568}.Debug|Any CPU.Build.0 = Debug|Any CPU
		{E6831488-2DEF-4F01-BA9F-5D329861E568}.Release|Any CPU.ActiveCfg = Release|Any CPU
		{E6831488-2DEF-4F01-BA9F-5D329861E568}.Release|Any CPU.Build.0 = Release|Any CPU
		{85A87528-FC63-4B20-9082-ED59E7F346DB}.Debug|Any CPU.ActiveCfg = Debug|Any CPU
		{85A87528-FC63-4B20-9082-ED59E7F346DB}.Debug|Any CPU.Build.0 = Debug|Any CPU
		{85A87528-FC63-4B20-9082-ED59E7F346DB}.Release|Any CPU.ActiveCfg = Release|Any CPU
		{85A87528-FC63-4B20-9082-ED59E7F346DB}.Release|Any CPU.Build.0 = Release|Any CPU
		{CAAD3E01-A640-430A-980A-C39195A16DD4}.Debug|Any CPU.ActiveCfg = Debug|Any CPU
		{CAAD3E01-A640-430A-980A-C39195A16DD4}.Debug|Any CPU.Build.0 = Debug|Any CPU
		{CAAD3E01-A640-430A-980A-C39195A16DD4}.Release|Any CPU.ActiveCfg = Release|Any CPU
		{CAAD3E01-A640-430A-980A-C39195A16DD4}.Release|Any CPU.Build.0 = Release|Any CPU
		{A4A06FC9-1A2D-4D2B-BA61-20A5AD0D6A21}.Debug|Any CPU.ActiveCfg = Debug|Any CPU
		{A4A06FC9-1A2D-4D2B-BA61-20A5AD0D6A21}.Debug|Any CPU.Build.0 = Debug|Any CPU
		{A4A06FC9-1A2D-4D2B-BA61-20A5AD0D6A21}.Release|Any CPU.ActiveCfg = Release|Any CPU
		{A4A06FC9-1A2D-4D2B-BA61-20A5AD0D6A21}.Release|Any CPU.Build.0 = Release|Any CPU
		{CF11C0E4-BC84-495B-B754-9C2F412BA262}.Debug|Any CPU.ActiveCfg = Debug|Any CPU
		{CF11C0E4-BC84-495B-B754-9C2F412BA262}.Debug|Any CPU.Build.0 = Debug|Any CPU
		{CF11C0E4-BC84-495B-B754-9C2F412BA262}.Release|Any CPU.ActiveCfg = Release|Any CPU
		{CF11C0E4-BC84-495B-B754-9C2F412BA262}.Release|Any CPU.Build.0 = Release|Any CPU
		{41D69168-B9A7-421B-A5A5-7F3BE225AA65}.Debug|Any CPU.ActiveCfg = Debug|Any CPU
		{41D69168-B9A7-421B-A5A5-7F3BE225AA65}.Debug|Any CPU.Build.0 = Debug|Any CPU
		{41D69168-B9A7-421B-A5A5-7F3BE225AA65}.Release|Any CPU.ActiveCfg = Release|Any CPU
		{41D69168-B9A7-421B-A5A5-7F3BE225AA65}.Release|Any CPU.Build.0 = Release|Any CPU
		{15663AF2-EB6B-4B31-8A94-9046D381C7D3}.Debug|Any CPU.ActiveCfg = Debug|Any CPU
		{15663AF2-EB6B-4B31-8A94-9046D381C7D3}.Debug|Any CPU.Build.0 = Debug|Any CPU
		{15663AF2-EB6B-4B31-8A94-9046D381C7D3}.Release|Any CPU.ActiveCfg = Release|Any CPU
		{15663AF2-EB6B-4B31-8A94-9046D381C7D3}.Release|Any CPU.Build.0 = Release|Any CPU
		{08E1FD81-2DA9-4916-B723-3088D85A41DF}.Debug|Any CPU.ActiveCfg = Debug|Any CPU
		{08E1FD81-2DA9-4916-B723-3088D85A41DF}.Debug|Any CPU.Build.0 = Debug|Any CPU
		{08E1FD81-2DA9-4916-B723-3088D85A41DF}.Release|Any CPU.ActiveCfg = Release|Any CPU
		{08E1FD81-2DA9-4916-B723-3088D85A41DF}.Release|Any CPU.Build.0 = Release|Any CPU
		{9D0FD71F-0557-4AC6-A6FB-976B07FA6F71}.Debug|Any CPU.ActiveCfg = Debug|Any CPU
		{9D0FD71F-0557-4AC6-A6FB-976B07FA6F71}.Debug|Any CPU.Build.0 = Debug|Any CPU
		{9D0FD71F-0557-4AC6-A6FB-976B07FA6F71}.Release|Any CPU.ActiveCfg = Release|Any CPU
		{9D0FD71F-0557-4AC6-A6FB-976B07FA6F71}.Release|Any CPU.Build.0 = Release|Any CPU
		{FBE4F04C-6EDC-4A28-A088-93B6DDC59AD2}.Debug|Any CPU.ActiveCfg = Debug|Any CPU
		{FBE4F04C-6EDC-4A28-A088-93B6DDC59AD2}.Debug|Any CPU.Build.0 = Debug|Any CPU
		{FBE4F04C-6EDC-4A28-A088-93B6DDC59AD2}.Release|Any CPU.ActiveCfg = Release|Any CPU
		{FBE4F04C-6EDC-4A28-A088-93B6DDC59AD2}.Release|Any CPU.Build.0 = Release|Any CPU
		{36F623B2-26BD-49B4-AC9D-993EBDC9FF2F}.Debug|Any CPU.ActiveCfg = Debug|Any CPU
		{36F623B2-26BD-49B4-AC9D-993EBDC9FF2F}.Debug|Any CPU.Build.0 = Debug|Any CPU
		{36F623B2-26BD-49B4-AC9D-993EBDC9FF2F}.Release|Any CPU.ActiveCfg = Release|Any CPU
		{36F623B2-26BD-49B4-AC9D-993EBDC9FF2F}.Release|Any CPU.Build.0 = Release|Any CPU
		{BFB357BE-0C96-4B48-901C-191CEC95771B}.Debug|Any CPU.ActiveCfg = Debug|Any CPU
		{BFB357BE-0C96-4B48-901C-191CEC95771B}.Debug|Any CPU.Build.0 = Debug|Any CPU
		{BFB357BE-0C96-4B48-901C-191CEC95771B}.Release|Any CPU.ActiveCfg = Release|Any CPU
		{BFB357BE-0C96-4B48-901C-191CEC95771B}.Release|Any CPU.Build.0 = Release|Any CPU
		{B163A995-472F-48A1-919D-EF90E8FFD14B}.Debug|Any CPU.ActiveCfg = Debug|Any CPU
		{B163A995-472F-48A1-919D-EF90E8FFD14B}.Debug|Any CPU.Build.0 = Debug|Any CPU
		{B163A995-472F-48A1-919D-EF90E8FFD14B}.Release|Any CPU.ActiveCfg = Release|Any CPU
		{B163A995-472F-48A1-919D-EF90E8FFD14B}.Release|Any CPU.Build.0 = Release|Any CPU
		{C4F21E1A-AA7D-4D3E-8F92-9484EAB1341B}.Debug|Any CPU.ActiveCfg = Debug|Any CPU
		{C4F21E1A-AA7D-4D3E-8F92-9484EAB1341B}.Debug|Any CPU.Build.0 = Debug|Any CPU
		{C4F21E1A-AA7D-4D3E-8F92-9484EAB1341B}.Release|Any CPU.ActiveCfg = Release|Any CPU
		{C4F21E1A-AA7D-4D3E-8F92-9484EAB1341B}.Release|Any CPU.Build.0 = Release|Any CPU
		{0BE52502-745C-444A-A243-E4C7D319036B}.Debug|Any CPU.ActiveCfg = Debug|Any CPU
		{0BE52502-745C-444A-A243-E4C7D319036B}.Debug|Any CPU.Build.0 = Debug|Any CPU
		{0BE52502-745C-444A-A243-E4C7D319036B}.Release|Any CPU.ActiveCfg = Release|Any CPU
		{0BE52502-745C-444A-A243-E4C7D319036B}.Release|Any CPU.Build.0 = Release|Any CPU
		{FBECF053-F618-456C-904F-C4B0695E20C7}.Debug|Any CPU.ActiveCfg = Debug|Any CPU
		{FBECF053-F618-456C-904F-C4B0695E20C7}.Debug|Any CPU.Build.0 = Debug|Any CPU
		{FBECF053-F618-456C-904F-C4B0695E20C7}.Release|Any CPU.ActiveCfg = Release|Any CPU
		{FBECF053-F618-456C-904F-C4B0695E20C7}.Release|Any CPU.Build.0 = Release|Any CPU
		{15BADBB1-7192-48BC-A04B-DFAF64EA3977}.Debug|Any CPU.ActiveCfg = Debug|Any CPU
		{15BADBB1-7192-48BC-A04B-DFAF64EA3977}.Debug|Any CPU.Build.0 = Debug|Any CPU
		{15BADBB1-7192-48BC-A04B-DFAF64EA3977}.Release|Any CPU.ActiveCfg = Release|Any CPU
		{15BADBB1-7192-48BC-A04B-DFAF64EA3977}.Release|Any CPU.Build.0 = Release|Any CPU
	EndGlobalSection
	GlobalSection(SolutionProperties) = preSolution
		HideSolutionNode = FALSE
	EndGlobalSection
	GlobalSection(NestedProjects) = preSolution
		{0CFCF34A-9A47-4E94-A8A1-8009F7AC649E} = {9D064A4C-5576-44F3-B57C-AC4F69EDDF93}
		{BD36D36C-4B8E-432B-B239-782DCB52AAD4} = {7F10646D-2C43-4395-A1B1-818EE9A726E9}
		{A54154EA-E154-4DEB-8486-15587AE773C0} = {BD36D36C-4B8E-432B-B239-782DCB52AAD4}
		{BC549E17-7319-4F0E-BDFC-DF5EA4A1452A} = {BD36D36C-4B8E-432B-B239-782DCB52AAD4}
		{F844BF41-6D22-41C8-94E7-077804F27767} = {BD36D36C-4B8E-432B-B239-782DCB52AAD4}
		{89EA5EE8-D2E2-46FD-A37E-C117ED0083F8} = {7F10646D-2C43-4395-A1B1-818EE9A726E9}
		{55922A80-57F5-4050-82B4-9CEECD7F0D3B} = {7F10646D-2C43-4395-A1B1-818EE9A726E9}
		{6232BC65-0340-41F1-9E92-3F01ACE1027E} = {7F10646D-2C43-4395-A1B1-818EE9A726E9}
		{A55FE784-0303-4DFC-8B5F-BDDD59EE866F} = {9D064A4C-5576-44F3-B57C-AC4F69EDDF93}
		{F418D9F7-D4FE-475A-8996-7978F746D30E} = {9D064A4C-5576-44F3-B57C-AC4F69EDDF93}
		{045CC8FB-D0A8-47A2-98EA-A45827BB2A70} = {9D064A4C-5576-44F3-B57C-AC4F69EDDF93}
		{B68BFBB3-9541-4084-8605-2F86430B62A9} = {9D064A4C-5576-44F3-B57C-AC4F69EDDF93}
		{39B9F889-5426-4F1D-8A3A-0B38B0B82536} = {9D064A4C-5576-44F3-B57C-AC4F69EDDF93}
		{4C42F0C3-2BD0-48A0-B550-D87C88308CB8} = {9D064A4C-5576-44F3-B57C-AC4F69EDDF93}
		{21D63553-9FBD-4441-BF1A-3371D5CDF440} = {9D064A4C-5576-44F3-B57C-AC4F69EDDF93}
		{42A2751C-034F-47CB-B2FC-6B222B3200B4} = {89EA5EE8-D2E2-46FD-A37E-C117ED0083F8}
		{59B6B56B-F59F-44C5-ABDB-0EA9D45C5AB8} = {89EA5EE8-D2E2-46FD-A37E-C117ED0083F8}
		{546E96AB-EE51-46C7-8E7E-AAE89D9DFD74} = {89EA5EE8-D2E2-46FD-A37E-C117ED0083F8}
		{0136B944-FF2C-43FD-8860-CE58749A654F} = {89EA5EE8-D2E2-46FD-A37E-C117ED0083F8}
		{E730D33E-2538-420D-9D2D-0B74263B795E} = {209B2CC9-6A27-46B4-A537-EA3C83A6DFED}
		{CF27BD62-924C-491D-AA74-FD59906B418C} = {209B2CC9-6A27-46B4-A537-EA3C83A6DFED}
		{A29CBFB1-2030-468D-BFE2-254BE465E514} = {209B2CC9-6A27-46B4-A537-EA3C83A6DFED}
		{10151CD5-5CD1-4609-BFF8-6A9EC1B8AA9E} = {209B2CC9-6A27-46B4-A537-EA3C83A6DFED}
		{24DA9FB4-8BE0-4D74-A2E0-3DE7F897D72F} = {209B2CC9-6A27-46B4-A537-EA3C83A6DFED}
		{389EFE4E-9C36-445E-9DFF-20C852AB4C18} = {209B2CC9-6A27-46B4-A537-EA3C83A6DFED}
		{5936BFA5-3BD7-43E5-AAD7-2A749F09FC31} = {6232BC65-0340-41F1-9E92-3F01ACE1027E}
		{507EF423-6A96-4620-A938-1BA4B311DE7B} = {6232BC65-0340-41F1-9E92-3F01ACE1027E}
		{E6831488-2DEF-4F01-BA9F-5D329861E568} = {6232BC65-0340-41F1-9E92-3F01ACE1027E}
		{85A87528-FC63-4B20-9082-ED59E7F346DB} = {BD36D36C-4B8E-432B-B239-782DCB52AAD4}
		{CAAD3E01-A640-430A-980A-C39195A16DD4} = {BD36D36C-4B8E-432B-B239-782DCB52AAD4}
		{A4A06FC9-1A2D-4D2B-BA61-20A5AD0D6A21} = {BD36D36C-4B8E-432B-B239-782DCB52AAD4}
		{CF11C0E4-BC84-495B-B754-9C2F412BA262} = {55922A80-57F5-4050-82B4-9CEECD7F0D3B}
		{41D69168-B9A7-421B-A5A5-7F3BE225AA65} = {55922A80-57F5-4050-82B4-9CEECD7F0D3B}
		{15663AF2-EB6B-4B31-8A94-9046D381C7D3} = {55922A80-57F5-4050-82B4-9CEECD7F0D3B}
		{08E1FD81-2DA9-4916-B723-3088D85A41DF} = {55922A80-57F5-4050-82B4-9CEECD7F0D3B}
		{9D0FD71F-0557-4AC6-A6FB-976B07FA6F71} = {9D064A4C-5576-44F3-B57C-AC4F69EDDF93}
		{FBE4F04C-6EDC-4A28-A088-93B6DDC59AD2} = {9D064A4C-5576-44F3-B57C-AC4F69EDDF93}
		{36F623B2-26BD-49B4-AC9D-993EBDC9FF2F} = {9D064A4C-5576-44F3-B57C-AC4F69EDDF93}
		{BFB357BE-0C96-4B48-901C-191CEC95771B} = {209B2CC9-6A27-46B4-A537-EA3C83A6DFED}
		{B163A995-472F-48A1-919D-EF90E8FFD14B} = {209B2CC9-6A27-46B4-A537-EA3C83A6DFED}
		{C4F21E1A-AA7D-4D3E-8F92-9484EAB1341B} = {9D064A4C-5576-44F3-B57C-AC4F69EDDF93}
		{0BE52502-745C-444A-A243-E4C7D319036B} = {55922A80-57F5-4050-82B4-9CEECD7F0D3B}
		{FBECF053-F618-456C-904F-C4B0695E20C7} = {9D064A4C-5576-44F3-B57C-AC4F69EDDF93}
		{15BADBB1-7192-48BC-A04B-DFAF64EA3977} = {9D064A4C-5576-44F3-B57C-AC4F69EDDF93}
	EndGlobalSection
	GlobalSection(ExtensibilityGlobals) = postSolution
		SolutionGuid = {6B4A5510-CF12-471A-A843-B624B89E71EC}
	EndGlobalSection
EndGlobal
